
Microsoft Visual Studio Solution File, Format Version 12.00
# Visual Studio 15
VisualStudioVersion = 15.0.27004.2006
MinimumVisualStudioVersion = 10.0.40219.1
Project("{FAE04EC0-301F-11D3-BF4B-00C04F79EFBC}") = "ControlesUsuario.Android", "ControlesUsuario\ControlesUsuario.Android\ControlesUsuario.Android.csproj", "{0A0DACAE-90BD-421A-A1F4-B2F6DA7F586D}"
EndProject
Project("{FAE04EC0-301F-11D3-BF4B-00C04F79EFBC}") = "ControlesUsuario", "ControlesUsuario\ControlesUsuario\ControlesUsuario.csproj", "{F4AB16B7-52CB-446A-AFCD-15099210A981}"
EndProject
Project("{FAE04EC0-301F-11D3-BF4B-00C04F79EFBC}") = "ControlesUsuario.UWP", "ControlesUsuario\ControlesUsuario.UWP\ControlesUsuario.UWP.csproj", "{32CECC2D-2C8B-4CE7-8C6B-7D63AEC46BC8}"
EndProject
Project("{FAE04EC0-301F-11D3-BF4B-00C04F79EFBC}") = "ControlesUsuario.iOS", "ControlesUsuario\ControlesUsuario.iOS\ControlesUsuario.iOS.csproj", "{9EBF4290-1C60-40A4-A0FE-E5EA19C42945}"
EndProject
Global
	GlobalSection(SolutionConfigurationPlatforms) = preSolution
		Ad-Hoc|Any CPU = Ad-Hoc|Any CPU
		Ad-Hoc|ARM = Ad-Hoc|ARM
		Ad-Hoc|iPhone = Ad-Hoc|iPhone
		Ad-Hoc|iPhoneSimulator = Ad-Hoc|iPhoneSimulator
		Ad-Hoc|x64 = Ad-Hoc|x64
		Ad-Hoc|x86 = Ad-Hoc|x86
		AppStore|Any CPU = AppStore|Any CPU
		AppStore|ARM = AppStore|ARM
		AppStore|iPhone = AppStore|iPhone
		AppStore|iPhoneSimulator = AppStore|iPhoneSimulator
		AppStore|x64 = AppStore|x64
		AppStore|x86 = AppStore|x86
		Debug|Any CPU = Debug|Any CPU
		Debug|ARM = Debug|ARM
		Debug|iPhone = Debug|iPhone
		Debug|iPhoneSimulator = Debug|iPhoneSimulator
		Debug|x64 = Debug|x64
		Debug|x86 = Debug|x86
		Release|Any CPU = Release|Any CPU
		Release|ARM = Release|ARM
		Release|iPhone = Release|iPhone
		Release|iPhoneSimulator = Release|iPhoneSimulator
		Release|x64 = Release|x64
		Release|x86 = Release|x86
	EndGlobalSection
	GlobalSection(ProjectConfigurationPlatforms) = postSolution
		{0A0DACAE-90BD-421A-A1F4-B2F6DA7F586D}.Ad-Hoc|Any CPU.ActiveCfg = Release|Any CPU
		{0A0DACAE-90BD-421A-A1F4-B2F6DA7F586D}.Ad-Hoc|Any CPU.Build.0 = Release|Any CPU
		{0A0DACAE-90BD-421A-A1F4-B2F6DA7F586D}.Ad-Hoc|Any CPU.Deploy.0 = Release|Any CPU
		{0A0DACAE-90BD-421A-A1F4-B2F6DA7F586D}.Ad-Hoc|ARM.ActiveCfg = Release|Any CPU
		{0A0DACAE-90BD-421A-A1F4-B2F6DA7F586D}.Ad-Hoc|ARM.Build.0 = Release|Any CPU
		{0A0DACAE-90BD-421A-A1F4-B2F6DA7F586D}.Ad-Hoc|ARM.Deploy.0 = Release|Any CPU
		{0A0DACAE-90BD-421A-A1F4-B2F6DA7F586D}.Ad-Hoc|iPhone.ActiveCfg = Release|Any CPU
		{0A0DACAE-90BD-421A-A1F4-B2F6DA7F586D}.Ad-Hoc|iPhone.Build.0 = Release|Any CPU
		{0A0DACAE-90BD-421A-A1F4-B2F6DA7F586D}.Ad-Hoc|iPhone.Deploy.0 = Release|Any CPU
		{0A0DACAE-90BD-421A-A1F4-B2F6DA7F586D}.Ad-Hoc|iPhoneSimulator.ActiveCfg = Release|Any CPU
		{0A0DACAE-90BD-421A-A1F4-B2F6DA7F586D}.Ad-Hoc|iPhoneSimulator.Build.0 = Release|Any CPU
		{0A0DACAE-90BD-421A-A1F4-B2F6DA7F586D}.Ad-Hoc|iPhoneSimulator.Deploy.0 = Release|Any CPU
		{0A0DACAE-90BD-421A-A1F4-B2F6DA7F586D}.Ad-Hoc|x64.ActiveCfg = Release|Any CPU
		{0A0DACAE-90BD-421A-A1F4-B2F6DA7F586D}.Ad-Hoc|x64.Build.0 = Release|Any CPU
		{0A0DACAE-90BD-421A-A1F4-B2F6DA7F586D}.Ad-Hoc|x64.Deploy.0 = Release|Any CPU
		{0A0DACAE-90BD-421A-A1F4-B2F6DA7F586D}.Ad-Hoc|x86.ActiveCfg = Release|Any CPU
		{0A0DACAE-90BD-421A-A1F4-B2F6DA7F586D}.Ad-Hoc|x86.Build.0 = Release|Any CPU
		{0A0DACAE-90BD-421A-A1F4-B2F6DA7F586D}.Ad-Hoc|x86.Deploy.0 = Release|Any CPU
		{0A0DACAE-90BD-421A-A1F4-B2F6DA7F586D}.AppStore|Any CPU.ActiveCfg = Release|Any CPU
		{0A0DACAE-90BD-421A-A1F4-B2F6DA7F586D}.AppStore|Any CPU.Build.0 = Release|Any CPU
		{0A0DACAE-90BD-421A-A1F4-B2F6DA7F586D}.AppStore|Any CPU.Deploy.0 = Release|Any CPU
		{0A0DACAE-90BD-421A-A1F4-B2F6DA7F586D}.AppStore|ARM.ActiveCfg = Release|Any CPU
		{0A0DACAE-90BD-421A-A1F4-B2F6DA7F586D}.AppStore|ARM.Build.0 = Release|Any CPU
		{0A0DACAE-90BD-421A-A1F4-B2F6DA7F586D}.AppStore|ARM.Deploy.0 = Release|Any CPU
		{0A0DACAE-90BD-421A-A1F4-B2F6DA7F586D}.AppStore|iPhone.ActiveCfg = Release|Any CPU
		{0A0DACAE-90BD-421A-A1F4-B2F6DA7F586D}.AppStore|iPhone.Build.0 = Release|Any CPU
		{0A0DACAE-90BD-421A-A1F4-B2F6DA7F586D}.AppStore|iPhone.Deploy.0 = Release|Any CPU
		{0A0DACAE-90BD-421A-A1F4-B2F6DA7F586D}.AppStore|iPhoneSimulator.ActiveCfg = Release|Any CPU
		{0A0DACAE-90BD-421A-A1F4-B2F6DA7F586D}.AppStore|iPhoneSimulator.Build.0 = Release|Any CPU
		{0A0DACAE-90BD-421A-A1F4-B2F6DA7F586D}.AppStore|iPhoneSimulator.Deploy.0 = Release|Any CPU
		{0A0DACAE-90BD-421A-A1F4-B2F6DA7F586D}.AppStore|x64.ActiveCfg = Release|Any CPU
		{0A0DACAE-90BD-421A-A1F4-B2F6DA7F586D}.AppStore|x64.Build.0 = Release|Any CPU
		{0A0DACAE-90BD-421A-A1F4-B2F6DA7F586D}.AppStore|x64.Deploy.0 = Release|Any CPU
		{0A0DACAE-90BD-421A-A1F4-B2F6DA7F586D}.AppStore|x86.ActiveCfg = Release|Any CPU
		{0A0DACAE-90BD-421A-A1F4-B2F6DA7F586D}.AppStore|x86.Build.0 = Release|Any CPU
		{0A0DACAE-90BD-421A-A1F4-B2F6DA7F586D}.AppStore|x86.Deploy.0 = Release|Any CPU
		{0A0DACAE-90BD-421A-A1F4-B2F6DA7F586D}.Debug|Any CPU.ActiveCfg = Debug|Any CPU
		{0A0DACAE-90BD-421A-A1F4-B2F6DA7F586D}.Debug|Any CPU.Build.0 = Debug|Any CPU
		{0A0DACAE-90BD-421A-A1F4-B2F6DA7F586D}.Debug|Any CPU.Deploy.0 = Debug|Any CPU
		{0A0DACAE-90BD-421A-A1F4-B2F6DA7F586D}.Debug|ARM.ActiveCfg = Debug|Any CPU
		{0A0DACAE-90BD-421A-A1F4-B2F6DA7F586D}.Debug|ARM.Build.0 = Debug|Any CPU
		{0A0DACAE-90BD-421A-A1F4-B2F6DA7F586D}.Debug|ARM.Deploy.0 = Debug|Any CPU
		{0A0DACAE-90BD-421A-A1F4-B2F6DA7F586D}.Debug|iPhone.ActiveCfg = Debug|Any CPU
		{0A0DACAE-90BD-421A-A1F4-B2F6DA7F586D}.Debug|iPhone.Build.0 = Debug|Any CPU
		{0A0DACAE-90BD-421A-A1F4-B2F6DA7F586D}.Debug|iPhone.Deploy.0 = Debug|Any CPU
		{0A0DACAE-90BD-421A-A1F4-B2F6DA7F586D}.Debug|iPhoneSimulator.ActiveCfg = Debug|Any CPU
		{0A0DACAE-90BD-421A-A1F4-B2F6DA7F586D}.Debug|iPhoneSimulator.Build.0 = Debug|Any CPU
		{0A0DACAE-90BD-421A-A1F4-B2F6DA7F586D}.Debug|iPhoneSimulator.Deploy.0 = Debug|Any CPU
		{0A0DACAE-90BD-421A-A1F4-B2F6DA7F586D}.Debug|x64.ActiveCfg = Debug|Any CPU
		{0A0DACAE-90BD-421A-A1F4-B2F6DA7F586D}.Debug|x64.Build.0 = Debug|Any CPU
		{0A0DACAE-90BD-421A-A1F4-B2F6DA7F586D}.Debug|x64.Deploy.0 = Debug|Any CPU
		{0A0DACAE-90BD-421A-A1F4-B2F6DA7F586D}.Debug|x86.ActiveCfg = Debug|Any CPU
		{0A0DACAE-90BD-421A-A1F4-B2F6DA7F586D}.Debug|x86.Build.0 = Debug|Any CPU
		{0A0DACAE-90BD-421A-A1F4-B2F6DA7F586D}.Debug|x86.Deploy.0 = Debug|Any CPU
		{0A0DACAE-90BD-421A-A1F4-B2F6DA7F586D}.Release|Any CPU.ActiveCfg = Release|Any CPU
		{0A0DACAE-90BD-421A-A1F4-B2F6DA7F586D}.Release|Any CPU.Build.0 = Release|Any CPU
		{0A0DACAE-90BD-421A-A1F4-B2F6DA7F586D}.Release|Any CPU.Deploy.0 = Release|Any CPU
		{0A0DACAE-90BD-421A-A1F4-B2F6DA7F586D}.Release|ARM.ActiveCfg = Release|Any CPU
		{0A0DACAE-90BD-421A-A1F4-B2F6DA7F586D}.Release|ARM.Build.0 = Release|Any CPU
		{0A0DACAE-90BD-421A-A1F4-B2F6DA7F586D}.Release|ARM.Deploy.0 = Release|Any CPU
		{0A0DACAE-90BD-421A-A1F4-B2F6DA7F586D}.Release|iPhone.ActiveCfg = Release|Any CPU
		{0A0DACAE-90BD-421A-A1F4-B2F6DA7F586D}.Release|iPhone.Build.0 = Release|Any CPU
		{0A0DACAE-90BD-421A-A1F4-B2F6DA7F586D}.Release|iPhone.Deploy.0 = Release|Any CPU
		{0A0DACAE-90BD-421A-A1F4-B2F6DA7F586D}.Release|iPhoneSimulator.ActiveCfg = Release|Any CPU
		{0A0DACAE-90BD-421A-A1F4-B2F6DA7F586D}.Release|iPhoneSimulator.Build.0 = Release|Any CPU
		{0A0DACAE-90BD-421A-A1F4-B2F6DA7F586D}.Release|iPhoneSimulator.Deploy.0 = Release|Any CPU
		{0A0DACAE-90BD-421A-A1F4-B2F6DA7F586D}.Release|x64.ActiveCfg = Release|Any CPU
		{0A0DACAE-90BD-421A-A1F4-B2F6DA7F586D}.Release|x64.Build.0 = Release|Any CPU
		{0A0DACAE-90BD-421A-A1F4-B2F6DA7F586D}.Release|x64.Deploy.0 = Release|Any CPU
		{0A0DACAE-90BD-421A-A1F4-B2F6DA7F586D}.Release|x86.ActiveCfg = Release|Any CPU
		{0A0DACAE-90BD-421A-A1F4-B2F6DA7F586D}.Release|x86.Build.0 = Release|Any CPU
		{0A0DACAE-90BD-421A-A1F4-B2F6DA7F586D}.Release|x86.Deploy.0 = Release|Any CPU
		{F4AB16B7-52CB-446A-AFCD-15099210A981}.Ad-Hoc|Any CPU.ActiveCfg = Release|Any CPU
		{F4AB16B7-52CB-446A-AFCD-15099210A981}.Ad-Hoc|Any CPU.Build.0 = Release|Any CPU
		{F4AB16B7-52CB-446A-AFCD-15099210A981}.Ad-Hoc|ARM.ActiveCfg = Release|Any CPU
		{F4AB16B7-52CB-446A-AFCD-15099210A981}.Ad-Hoc|ARM.Build.0 = Release|Any CPU
		{F4AB16B7-52CB-446A-AFCD-15099210A981}.Ad-Hoc|iPhone.ActiveCfg = Release|Any CPU
		{F4AB16B7-52CB-446A-AFCD-15099210A981}.Ad-Hoc|iPhone.Build.0 = Release|Any CPU
		{F4AB16B7-52CB-446A-AFCD-15099210A981}.Ad-Hoc|iPhoneSimulator.ActiveCfg = Release|Any CPU
		{F4AB16B7-52CB-446A-AFCD-15099210A981}.Ad-Hoc|iPhoneSimulator.Build.0 = Release|Any CPU
		{F4AB16B7-52CB-446A-AFCD-15099210A981}.Ad-Hoc|x64.ActiveCfg = Release|Any CPU
		{F4AB16B7-52CB-446A-AFCD-15099210A981}.Ad-Hoc|x64.Build.0 = Release|Any CPU
		{F4AB16B7-52CB-446A-AFCD-15099210A981}.Ad-Hoc|x86.ActiveCfg = Release|Any CPU
		{F4AB16B7-52CB-446A-AFCD-15099210A981}.Ad-Hoc|x86.Build.0 = Release|Any CPU
		{F4AB16B7-52CB-446A-AFCD-15099210A981}.AppStore|Any CPU.ActiveCfg = Release|Any CPU
		{F4AB16B7-52CB-446A-AFCD-15099210A981}.AppStore|Any CPU.Build.0 = Release|Any CPU
		{F4AB16B7-52CB-446A-AFCD-15099210A981}.AppStore|ARM.ActiveCfg = Release|Any CPU
		{F4AB16B7-52CB-446A-AFCD-15099210A981}.AppStore|ARM.Build.0 = Release|Any CPU
		{F4AB16B7-52CB-446A-AFCD-15099210A981}.AppStore|iPhone.ActiveCfg = Release|Any CPU
		{F4AB16B7-52CB-446A-AFCD-15099210A981}.AppStore|iPhone.Build.0 = Release|Any CPU
		{F4AB16B7-52CB-446A-AFCD-15099210A981}.AppStore|iPhoneSimulator.ActiveCfg = Release|Any CPU
		{F4AB16B7-52CB-446A-AFCD-15099210A981}.AppStore|iPhoneSimulator.Build.0 = Release|Any CPU
		{F4AB16B7-52CB-446A-AFCD-15099210A981}.AppStore|x64.ActiveCfg = Release|Any CPU
		{F4AB16B7-52CB-446A-AFCD-15099210A981}.AppStore|x64.Build.0 = Release|Any CPU
		{F4AB16B7-52CB-446A-AFCD-15099210A981}.AppStore|x86.ActiveCfg = Release|Any CPU
		{F4AB16B7-52CB-446A-AFCD-15099210A981}.AppStore|x86.Build.0 = Release|Any CPU
		{F4AB16B7-52CB-446A-AFCD-15099210A981}.Debug|Any CPU.ActiveCfg = Debug|Any CPU
		{F4AB16B7-52CB-446A-AFCD-15099210A981}.Debug|Any CPU.Build.0 = Debug|Any CPU
		{F4AB16B7-52CB-446A-AFCD-15099210A981}.Debug|ARM.ActiveCfg = Debug|Any CPU
		{F4AB16B7-52CB-446A-AFCD-15099210A981}.Debug|ARM.Build.0 = Debug|Any CPU
		{F4AB16B7-52CB-446A-AFCD-15099210A981}.Debug|iPhone.ActiveCfg = Debug|Any CPU
		{F4AB16B7-52CB-446A-AFCD-15099210A981}.Debug|iPhone.Build.0 = Debug|Any CPU
		{F4AB16B7-52CB-446A-AFCD-15099210A981}.Debug|iPhoneSimulator.ActiveCfg = Debug|Any CPU
		{F4AB16B7-52CB-446A-AFCD-15099210A981}.Debug|iPhoneSimulator.Build.0 = Debug|Any CPU
		{F4AB16B7-52CB-446A-AFCD-15099210A981}.Debug|x64.ActiveCfg = Debug|Any CPU
		{F4AB16B7-52CB-446A-AFCD-15099210A981}.Debug|x64.Build.0 = Debug|Any CPU
		{F4AB16B7-52CB-446A-AFCD-15099210A981}.Debug|x86.ActiveCfg = Debug|Any CPU
		{F4AB16B7-52CB-446A-AFCD-15099210A981}.Debug|x86.Build.0 = Debug|Any CPU
		{F4AB16B7-52CB-446A-AFCD-15099210A981}.Release|Any CPU.ActiveCfg = Release|Any CPU
		{F4AB16B7-52CB-446A-AFCD-15099210A981}.Release|Any CPU.Build.0 = Release|Any CPU
		{F4AB16B7-52CB-446A-AFCD-15099210A981}.Release|ARM.ActiveCfg = Release|Any CPU
		{F4AB16B7-52CB-446A-AFCD-15099210A981}.Release|ARM.Build.0 = Release|Any CPU
		{F4AB16B7-52CB-446A-AFCD-15099210A981}.Release|iPhone.ActiveCfg = Release|Any CPU
		{F4AB16B7-52CB-446A-AFCD-15099210A981}.Release|iPhone.Build.0 = Release|Any CPU
		{F4AB16B7-52CB-446A-AFCD-15099210A981}.Release|iPhoneSimulator.ActiveCfg = Release|Any CPU
		{F4AB16B7-52CB-446A-AFCD-15099210A981}.Release|iPhoneSimulator.Build.0 = Release|Any CPU
		{F4AB16B7-52CB-446A-AFCD-15099210A981}.Release|x64.ActiveCfg = Release|Any CPU
		{F4AB16B7-52CB-446A-AFCD-15099210A981}.Release|x64.Build.0 = Release|Any CPU
		{F4AB16B7-52CB-446A-AFCD-15099210A981}.Release|x86.ActiveCfg = Release|Any CPU
		{F4AB16B7-52CB-446A-AFCD-15099210A981}.Release|x86.Build.0 = Release|Any CPU
		{32CECC2D-2C8B-4CE7-8C6B-7D63AEC46BC8}.Ad-Hoc|Any CPU.ActiveCfg = Release|x86
		{32CECC2D-2C8B-4CE7-8C6B-7D63AEC46BC8}.Ad-Hoc|Any CPU.Build.0 = Release|x86
		{32CECC2D-2C8B-4CE7-8C6B-7D63AEC46BC8}.Ad-Hoc|Any CPU.Deploy.0 = Release|x86
		{32CECC2D-2C8B-4CE7-8C6B-7D63AEC46BC8}.Ad-Hoc|ARM.ActiveCfg = Release|ARM
		{32CECC2D-2C8B-4CE7-8C6B-7D63AEC46BC8}.Ad-Hoc|ARM.Build.0 = Release|ARM
		{32CECC2D-2C8B-4CE7-8C6B-7D63AEC46BC8}.Ad-Hoc|ARM.Deploy.0 = Release|ARM
		{32CECC2D-2C8B-4CE7-8C6B-7D63AEC46BC8}.Ad-Hoc|iPhone.ActiveCfg = Release|x86
		{32CECC2D-2C8B-4CE7-8C6B-7D63AEC46BC8}.Ad-Hoc|iPhone.Build.0 = Release|x86
		{32CECC2D-2C8B-4CE7-8C6B-7D63AEC46BC8}.Ad-Hoc|iPhone.Deploy.0 = Release|x86
		{32CECC2D-2C8B-4CE7-8C6B-7D63AEC46BC8}.Ad-Hoc|iPhoneSimulator.ActiveCfg = Release|x86
		{32CECC2D-2C8B-4CE7-8C6B-7D63AEC46BC8}.Ad-Hoc|iPhoneSimulator.Build.0 = Release|x86
		{32CECC2D-2C8B-4CE7-8C6B-7D63AEC46BC8}.Ad-Hoc|iPhoneSimulator.Deploy.0 = Release|x86
		{32CECC2D-2C8B-4CE7-8C6B-7D63AEC46BC8}.Ad-Hoc|x64.ActiveCfg = Release|x64
		{32CECC2D-2C8B-4CE7-8C6B-7D63AEC46BC8}.Ad-Hoc|x64.Build.0 = Release|x64
		{32CECC2D-2C8B-4CE7-8C6B-7D63AEC46BC8}.Ad-Hoc|x64.Deploy.0 = Release|x64
		{32CECC2D-2C8B-4CE7-8C6B-7D63AEC46BC8}.Ad-Hoc|x86.ActiveCfg = Release|x86
		{32CECC2D-2C8B-4CE7-8C6B-7D63AEC46BC8}.Ad-Hoc|x86.Build.0 = Release|x86
		{32CECC2D-2C8B-4CE7-8C6B-7D63AEC46BC8}.Ad-Hoc|x86.Deploy.0 = Release|x86
		{32CECC2D-2C8B-4CE7-8C6B-7D63AEC46BC8}.AppStore|Any CPU.ActiveCfg = Release|x86
		{32CECC2D-2C8B-4CE7-8C6B-7D63AEC46BC8}.AppStore|Any CPU.Build.0 = Release|x86
		{32CECC2D-2C8B-4CE7-8C6B-7D63AEC46BC8}.AppStore|Any CPU.Deploy.0 = Release|x86
		{32CECC2D-2C8B-4CE7-8C6B-7D63AEC46BC8}.AppStore|ARM.ActiveCfg = Release|ARM
		{32CECC2D-2C8B-4CE7-8C6B-7D63AEC46BC8}.AppStore|ARM.Build.0 = Release|ARM
		{32CECC2D-2C8B-4CE7-8C6B-7D63AEC46BC8}.AppStore|ARM.Deploy.0 = Release|ARM
		{32CECC2D-2C8B-4CE7-8C6B-7D63AEC46BC8}.AppStore|iPhone.ActiveCfg = Release|x86
		{32CECC2D-2C8B-4CE7-8C6B-7D63AEC46BC8}.AppStore|iPhone.Build.0 = Release|x86
		{32CECC2D-2C8B-4CE7-8C6B-7D63AEC46BC8}.AppStore|iPhone.Deploy.0 = Release|x86
		{32CECC2D-2C8B-4CE7-8C6B-7D63AEC46BC8}.AppStore|iPhoneSimulator.ActiveCfg = Release|x86
		{32CECC2D-2C8B-4CE7-8C6B-7D63AEC46BC8}.AppStore|iPhoneSimulator.Build.0 = Release|x86
		{32CECC2D-2C8B-4CE7-8C6B-7D63AEC46BC8}.AppStore|iPhoneSimulator.Deploy.0 = Release|x86
		{32CECC2D-2C8B-4CE7-8C6B-7D63AEC46BC8}.AppStore|x64.ActiveCfg = Release|x64
		{32CECC2D-2C8B-4CE7-8C6B-7D63AEC46BC8}.AppStore|x64.Build.0 = Release|x64
		{32CECC2D-2C8B-4CE7-8C6B-7D63AEC46BC8}.AppStore|x64.Deploy.0 = Release|x64
		{32CECC2D-2C8B-4CE7-8C6B-7D63AEC46BC8}.AppStore|x86.ActiveCfg = Release|x86
		{32CECC2D-2C8B-4CE7-8C6B-7D63AEC46BC8}.AppStore|x86.Build.0 = Release|x86
		{32CECC2D-2C8B-4CE7-8C6B-7D63AEC46BC8}.AppStore|x86.Deploy.0 = Release|x86
		{32CECC2D-2C8B-4CE7-8C6B-7D63AEC46BC8}.Debug|Any CPU.ActiveCfg = Debug|x86
		{32CECC2D-2C8B-4CE7-8C6B-7D63AEC46BC8}.Debug|ARM.ActiveCfg = Debug|ARM
		{32CECC2D-2C8B-4CE7-8C6B-7D63AEC46BC8}.Debug|ARM.Build.0 = Debug|ARM
		{32CECC2D-2C8B-4CE7-8C6B-7D63AEC46BC8}.Debug|ARM.Deploy.0 = Debug|ARM
		{32CECC2D-2C8B-4CE7-8C6B-7D63AEC46BC8}.Debug|iPhone.ActiveCfg = Debug|x86
		{32CECC2D-2C8B-4CE7-8C6B-7D63AEC46BC8}.Debug|iPhoneSimulator.ActiveCfg = Debug|x86
		{32CECC2D-2C8B-4CE7-8C6B-7D63AEC46BC8}.Debug|x64.ActiveCfg = Debug|x64
		{32CECC2D-2C8B-4CE7-8C6B-7D63AEC46BC8}.Debug|x64.Build.0 = Debug|x64
		{32CECC2D-2C8B-4CE7-8C6B-7D63AEC46BC8}.Debug|x64.Deploy.0 = Debug|x64
		{32CECC2D-2C8B-4CE7-8C6B-7D63AEC46BC8}.Debug|x86.ActiveCfg = Debug|x86
		{32CECC2D-2C8B-4CE7-8C6B-7D63AEC46BC8}.Debug|x86.Build.0 = Debug|x86
		{32CECC2D-2C8B-4CE7-8C6B-7D63AEC46BC8}.Debug|x86.Deploy.0 = Debug|x86
		{32CECC2D-2C8B-4CE7-8C6B-7D63AEC46BC8}.Release|Any CPU.ActiveCfg = Release|x86
		{32CECC2D-2C8B-4CE7-8C6B-7D63AEC46BC8}.Release|ARM.ActiveCfg = Release|ARM
		{32CECC2D-2C8B-4CE7-8C6B-7D63AEC46BC8}.Release|ARM.Build.0 = Release|ARM
		{32CECC2D-2C8B-4CE7-8C6B-7D63AEC46BC8}.Release|ARM.Deploy.0 = Release|ARM
		{32CECC2D-2C8B-4CE7-8C6B-7D63AEC46BC8}.Release|iPhone.ActiveCfg = Release|x86
		{32CECC2D-2C8B-4CE7-8C6B-7D63AEC46BC8}.Release|iPhoneSimulator.ActiveCfg = Release|x86
		{32CECC2D-2C8B-4CE7-8C6B-7D63AEC46BC8}.Release|x64.ActiveCfg = Release|x64
		{32CECC2D-2C8B-4CE7-8C6B-7D63AEC46BC8}.Release|x64.Build.0 = Release|x64
		{32CECC2D-2C8B-4CE7-8C6B-7D63AEC46BC8}.Release|x64.Deploy.0 = Release|x64
		{32CECC2D-2C8B-4CE7-8C6B-7D63AEC46BC8}.Release|x86.ActiveCfg = Release|x86
		{32CECC2D-2C8B-4CE7-8C6B-7D63AEC46BC8}.Release|x86.Build.0 = Release|x86
		{32CECC2D-2C8B-4CE7-8C6B-7D63AEC46BC8}.Release|x86.Deploy.0 = Release|x86
		{9EBF4290-1C60-40A4-A0FE-E5EA19C42945}.Ad-Hoc|Any CPU.ActiveCfg = Ad-Hoc|iPhoneSimulator
		{9EBF4290-1C60-40A4-A0FE-E5EA19C42945}.Ad-Hoc|ARM.ActiveCfg = Ad-Hoc|iPhone
		{9EBF4290-1C60-40A4-A0FE-E5EA19C42945}.Ad-Hoc|iPhone.ActiveCfg = Ad-Hoc|iPhone
		{9EBF4290-1C60-40A4-A0FE-E5EA19C42945}.Ad-Hoc|iPhone.Build.0 = Ad-Hoc|iPhone
		{9EBF4290-1C60-40A4-A0FE-E5EA19C42945}.Ad-Hoc|iPhoneSimulator.ActiveCfg = Ad-Hoc|iPhoneSimulator
		{9EBF4290-1C60-40A4-A0FE-E5EA19C42945}.Ad-Hoc|iPhoneSimulator.Build.0 = Ad-Hoc|iPhoneSimulator
		{9EBF4290-1C60-40A4-A0FE-E5EA19C42945}.Ad-Hoc|x64.ActiveCfg = Ad-Hoc|iPhone
		{9EBF4290-1C60-40A4-A0FE-E5EA19C42945}.Ad-Hoc|x86.ActiveCfg = Ad-Hoc|iPhone
		{9EBF4290-1C60-40A4-A0FE-E5EA19C42945}.AppStore|Any CPU.ActiveCfg = AppStore|iPhoneSimulator
		{9EBF4290-1C60-40A4-A0FE-E5EA19C42945}.AppStore|ARM.ActiveCfg = AppStore|iPhone
		{9EBF4290-1C60-40A4-A0FE-E5EA19C42945}.AppStore|iPhone.ActiveCfg = AppStore|iPhone
		{9EBF4290-1C60-40A4-A0FE-E5EA19C42945}.AppStore|iPhone.Build.0 = AppStore|iPhone
		{9EBF4290-1C60-40A4-A0FE-E5EA19C42945}.AppStore|iPhoneSimulator.ActiveCfg = AppStore|iPhoneSimulator
		{9EBF4290-1C60-40A4-A0FE-E5EA19C42945}.AppStore|iPhoneSimulator.Build.0 = AppStore|iPhoneSimulator
		{9EBF4290-1C60-40A4-A0FE-E5EA19C42945}.AppStore|x64.ActiveCfg = AppStore|iPhone
		{9EBF4290-1C60-40A4-A0FE-E5EA19C42945}.AppStore|x86.ActiveCfg = AppStore|iPhone
		{9EBF4290-1C60-40A4-A0FE-E5EA19C42945}.Debug|Any CPU.ActiveCfg = Debug|iPhoneSimulator
		{9EBF4290-1C60-40A4-A0FE-E5EA19C42945}.Debug|ARM.ActiveCfg = Debug|iPhone
		{9EBF4290-1C60-40A4-A0FE-E5EA19C42945}.Debug|iPhone.ActiveCfg = Debug|iPhone
		{9EBF4290-1C60-40A4-A0FE-E5EA19C42945}.Debug|iPhone.Build.0 = Debug|iPhone
		{9EBF4290-1C60-40A4-A0FE-E5EA19C42945}.Debug|iPhoneSimulator.ActiveCfg = Debug|iPhoneSimulator
		{9EBF4290-1C60-40A4-A0FE-E5EA19C42945}.Debug|iPhoneSimulator.Build.0 = Debug|iPhoneSimulator
		{9EBF4290-1C60-40A4-A0FE-E5EA19C42945}.Debug|x64.ActiveCfg = Debug|iPhone
		{9EBF4290-1C60-40A4-A0FE-E5EA19C42945}.Debug|x86.ActiveCfg = Debug|iPhone
		{9EBF4290-1C60-40A4-A0FE-E5EA19C42945}.Release|Any CPU.ActiveCfg = Release|iPhoneSimulator
		{9EBF4290-1C60-40A4-A0FE-E5EA19C42945}.Release|ARM.ActiveCfg = Release|iPhone
		{9EBF4290-1C60-40A4-A0FE-E5EA19C42945}.Release|iPhone.ActiveCfg = Release|iPhone
		{9EBF4290-1C60-40A4-A0FE-E5EA19C42945}.Release|iPhone.Build.0 = Release|iPhone
		{9EBF4290-1C60-40A4-A0FE-E5EA19C42945}.Release|iPhoneSimulator.ActiveCfg = Release|iPhoneSimulator
		{9EBF4290-1C60-40A4-A0FE-E5EA19C42945}.Release|iPhoneSimulator.Build.0 = Release|iPhoneSimulator
		{9EBF4290-1C60-40A4-A0FE-E5EA19C42945}.Release|x64.ActiveCfg = Release|iPhone
		{9EBF4290-1C60-40A4-A0FE-E5EA19C42945}.Release|x86.ActiveCfg = Release|iPhone
	EndGlobalSection
	GlobalSection(SolutionProperties) = preSolution
		HideSolutionNode = FALSE
	EndGlobalSection
	GlobalSection(ExtensibilityGlobals) = postSolution
		SolutionGuid = {1EA8307F-D235-41DE-96A9-B19BA46AC280}
	EndGlobalSection
EndGlobal
